
Microsoft Visual Studio Solution File, Format Version 12.00
# Visual Studio Version 17
VisualStudioVersion = 17.11.35208.52
MinimumVisualStudioVersion = 10.0.40219.1
Project("{9A19103F-16F7-4668-BE54-9A1E7A4F7556}") = "SAbadBurguerPromoCF", "SAbadBurguerPromoCF.csproj", "{90C65EA0-3DD6-4775-B9D1-83095CADE8B3}"
EndProject
Global
	GlobalSection(SolutionConfigurationPlatforms) = preSolution
		Debug|Any CPU = Debug|Any CPU
		Release|Any CPU = Release|Any CPU
	EndGlobalSection
	GlobalSection(ProjectConfigurationPlatforms) = postSolution
		{90C65EA0-3DD6-4775-B9D1-83095CADE8B3}.Debug|Any CPU.ActiveCfg = Debug|Any CPU
		{90C65EA0-3DD6-4775-B9D1-83095CADE8B3}.Debug|Any CPU.Build.0 = Debug|Any CPU
		{90C65EA0-3DD6-4775-B9D1-83095CADE8B3}.Release|Any CPU.ActiveCfg = Release|Any CPU
		{90C65EA0-3DD6-4775-B9D1-83095CADE8B3}.Release|Any CPU.Build.0 = Release|Any CPU
	EndGlobalSection
	GlobalSection(SolutionProperties) = preSolution
		HideSolutionNode = FALSE
	EndGlobalSection
	GlobalSection(ExtensibilityGlobals) = postSolution
		SolutionGuid = {44875A48-56BF-4D99-A104-D41578C63C47}
	EndGlobalSection
EndGlobal
